
Microsoft Visual Studio Solution File, Format Version 12.00
# Visual Studio Version 17
VisualStudioVersion = 17.0.31903.59
MinimumVisualStudioVersion = 10.0.40219.1
Project("{2150E333-8FDC-42A3-9474-1A3956D46DE8}") = "src", "src", "{827E0CD3-B72D-47B6-A68D-7590B98EB39B}"
EndProject
Project("{FAE04EC0-301F-11D3-BF4B-00C04F79EFBC}") = "SlotLock.Domain", "src\SlotLock.Domain\SlotLock.Domain.csproj", "{A8CF59A1-F8C4-4EA0-86DF-92ABBDC20A9E}"
EndProject
Project("{FAE04EC0-301F-11D3-BF4B-00C04F79EFBC}") = "SlotLock.Application", "src\SlotLock.Application\SlotLock.Application.csproj", "{3D7A1246-0388-43B6-A237-4650EF38F592}"
EndProject
Project("{FAE04EC0-301F-11D3-BF4B-00C04F79EFBC}") = "SlotLock.Infrastructure", "src\SlotLock.Infrastructure\SlotLock.Infrastructure.csproj", "{D26ADB84-F988-4F82-9F3E-4CE2D269B384}"
EndProject
Project("{FAE04EC0-301F-11D3-BF4B-00C04F79EFBC}") = "SlotLock.Api", "src\SlotLock.Api\SlotLock.Api.csproj", "{877A43C4-2C60-47F5-A206-40D078CED58A}"
EndProject
Project("{FAE04EC0-301F-11D3-BF4B-00C04F79EFBC}") = "SlotLock.UnitTests", "tests\SlotLock.UnitTests\SlotLock.UnitTests.csproj", "{8EAE5F0C-4FDD-421D-915D-E80DE72AA505}"
EndProject
Project("{FAE04EC0-301F-11D3-BF4B-00C04F79EFBC}") = "SlotLock.IntegrationTests", "tests\SlotLock.IntegrationTests\SlotLock.IntegrationTests.csproj", "{CBF2520A-D893-4931-AF18-18C8260C98EF}"
EndProject
Global
	GlobalSection(SolutionConfigurationPlatforms) = preSolution
		Debug|Any CPU = Debug|Any CPU
		Debug|x64 = Debug|x64
		Debug|x86 = Debug|x86
		Release|Any CPU = Release|Any CPU
		Release|x64 = Release|x64
		Release|x86 = Release|x86
	EndGlobalSection
	GlobalSection(ProjectConfigurationPlatforms) = postSolution
		{A8CF59A1-F8C4-4EA0-86DF-92ABBDC20A9E}.Debug|Any CPU.ActiveCfg = Debug|Any CPU
		{A8CF59A1-F8C4-4EA0-86DF-92ABBDC20A9E}.Debug|Any CPU.Build.0 = Debug|Any CPU
		{A8CF59A1-F8C4-4EA0-86DF-92ABBDC20A9E}.Debug|x64.ActiveCfg = Debug|Any CPU
		{A8CF59A1-F8C4-4EA0-86DF-92ABBDC20A9E}.Debug|x64.Build.0 = Debug|Any CPU
		{A8CF59A1-F8C4-4EA0-86DF-92ABBDC20A9E}.Debug|x86.ActiveCfg = Debug|Any CPU
		{A8CF59A1-F8C4-4EA0-86DF-92ABBDC20A9E}.Debug|x86.Build.0 = Debug|Any CPU
		{A8CF59A1-F8C4-4EA0-86DF-92ABBDC20A9E}.Release|Any CPU.ActiveCfg = Release|Any CPU
		{A8CF59A1-F8C4-4EA0-86DF-92ABBDC20A9E}.Release|Any CPU.Build.0 = Release|Any CPU
		{A8CF59A1-F8C4-4EA0-86DF-92ABBDC20A9E}.Release|x64.ActiveCfg = Release|Any CPU
		{A8CF59A1-F8C4-4EA0-86DF-92ABBDC20A9E}.Release|x64.Build.0 = Release|Any CPU
		{A8CF59A1-F8C4-4EA0-86DF-92ABBDC20A9E}.Release|x86.ActiveCfg = Release|Any CPU
		{A8CF59A1-F8C4-4EA0-86DF-92ABBDC20A9E}.Release|x86.Build.0 = Release|Any CPU
		{3D7A1246-0388-43B6-A237-4650EF38F592}.Debug|Any CPU.ActiveCfg = Debug|Any CPU
		{3D7A1246-0388-43B6-A237-4650EF38F592}.Debug|Any CPU.Build.0 = Debug|Any CPU
		{3D7A1246-0388-43B6-A237-4650EF38F592}.Debug|x64.ActiveCfg = Debug|Any CPU
		{3D7A1246-0388-43B6-A237-4650EF38F592}.Debug|x64.Build.0 = Debug|Any CPU
		{3D7A1246-0388-43B6-A237-4650EF38F592}.Debug|x86.ActiveCfg = Debug|Any CPU
		{3D7A1246-0388-43B6-A237-4650EF38F592}.Debug|x86.Build.0 = Debug|Any CPU
		{3D7A1246-0388-43B6-A237-4650EF38F592}.Release|Any CPU.ActiveCfg = Release|Any CPU
		{3D7A1246-0388-43B6-A237-4650EF38F592}.Release|Any CPU.Build.0 = Release|Any CPU
		{3D7A1246-0388-43B6-A237-4650EF38F592}.Release|x64.ActiveCfg = Release|Any CPU
		{3D7A1246-0388-43B6-A237-4650EF38F592}.Release|x64.Build.0 = Release|Any CPU
		{3D7A1246-0388-43B6-A237-4650EF38F592}.Release|x86.ActiveCfg = Release|Any CPU
		{3D7A1246-0388-43B6-A237-4650EF38F592}.Release|x86.Build.0 = Release|Any CPU
		{D26ADB84-F988-4F82-9F3E-4CE2D269B384}.Debug|Any CPU.ActiveCfg = Debug|Any CPU
		{D26ADB84-F988-4F82-9F3E-4CE2D269B384}.Debug|Any CPU.Build.0 = Debug|Any CPU
		{D26ADB84-F988-4F82-9F3E-4CE2D269B384}.Debug|x64.ActiveCfg = Debug|Any CPU
		{D26ADB84-F988-4F82-9F3E-4CE2D269B384}.Debug|x64.Build.0 = Debug|Any CPU
		{D26ADB84-F988-4F82-9F3E-4CE2D269B384}.Debug|x86.ActiveCfg = Debug|Any CPU
		{D26ADB84-F988-4F82-9F3E-4CE2D269B384}.Debug|x86.Build.0 = Debug|Any CPU
		{D26ADB84-F988-4F82-9F3E-4CE2D269B384}.Release|Any CPU.ActiveCfg = Release|Any CPU
		{D26ADB84-F988-4F82-9F3E-4CE2D269B384}.Release|Any CPU.Build.0 = Release|Any CPU
		{D26ADB84-F988-4F82-9F3E-4CE2D269B384}.Release|x64.ActiveCfg = Release|Any CPU
		{D26ADB84-F988-4F82-9F3E-4CE2D269B384}.Release|x64.Build.0 = Release|Any CPU
		{D26ADB84-F988-4F82-9F3E-4CE2D269B384}.Release|x86.ActiveCfg = Release|Any CPU
		{D26ADB84-F988-4F82-9F3E-4CE2D269B384}.Release|x86.Build.0 = Release|Any CPU
		{877A43C4-2C60-47F5-A206-40D078CED58A}.Debug|Any CPU.ActiveCfg = Debug|Any CPU
		{877A43C4-2C60-47F5-A206-40D078CED58A}.Debug|Any CPU.Build.0 = Debug|Any CPU
		{877A43C4-2C60-47F5-A206-40D078CED58A}.Debug|x64.ActiveCfg = Debug|Any CPU
		{877A43C4-2C60-47F5-A206-40D078CED58A}.Debug|x64.Build.0 = Debug|Any CPU
		{877A43C4-2C60-47F5-A206-40D078CED58A}.Debug|x86.ActiveCfg = Debug|Any CPU
		{877A43C4-2C60-47F5-A206-40D078CED58A}.Debug|x86.Build.0 = Debug|Any CPU
		{877A43C4-2C60-47F5-A206-40D078CED58A}.Release|Any CPU.ActiveCfg = Release|Any CPU
		{877A43C4-2C60-47F5-A206-40D078CED58A}.Release|Any CPU.Build.0 = Release|Any CPU
		{877A43C4-2C60-47F5-A206-40D078CED58A}.Release|x64.ActiveCfg = Release|Any CPU
		{877A43C4-2C60-47F5-A206-40D078CED58A}.Release|x64.Build.0 = Release|Any CPU
		{877A43C4-2C60-47F5-A206-40D078CED58A}.Release|x86.ActiveCfg = Release|Any CPU
		{877A43C4-2C60-47F5-A206-40D078CED58A}.Release|x86.Build.0 = Release|Any CPU
		{8EAE5F0C-4FDD-421D-915D-E80DE72AA505}.Debug|Any CPU.ActiveCfg = Debug|Any CPU
		{8EAE5F0C-4FDD-421D-915D-E80DE72AA505}.Debug|Any CPU.Build.0 = Debug|Any CPU
		{8EAE5F0C-4FDD-421D-915D-E80DE72AA505}.Debug|x64.ActiveCfg = Debug|Any CPU
		{8EAE5F0C-4FDD-421D-915D-E80DE72AA505}.Debug|x64.Build.0 = Debug|Any CPU
		{8EAE5F0C-4FDD-421D-915D-E80DE72AA505}.Debug|x86.ActiveCfg = Debug|Any CPU
		{8EAE5F0C-4FDD-421D-915D-E80DE72AA505}.Debug|x86.Build.0 = Debug|Any CPU
		{8EAE5F0C-4FDD-421D-915D-E80DE72AA505}.Release|Any CPU.ActiveCfg = Release|Any CPU
		{8EAE5F0C-4FDD-421D-915D-E80DE72AA505}.Release|Any CPU.Build.0 = Release|Any CPU
		{8EAE5F0C-4FDD-421D-915D-E80DE72AA505}.Release|x64.ActiveCfg = Release|Any CPU
		{8EAE5F0C-4FDD-421D-915D-E80DE72AA505}.Release|x64.Build.0 = Release|Any CPU
		{8EAE5F0C-4FDD-421D-915D-E80DE72AA505}.Release|x86.ActiveCfg = Release|Any CPU
		{8EAE5F0C-4FDD-421D-915D-E80DE72AA505}.Release|x86.Build.0 = Release|Any CPU
		{CBF2520A-D893-4931-AF18-18C8260C98EF}.Debug|Any CPU.ActiveCfg = Debug|Any CPU
		{CBF2520A-D893-4931-AF18-18C8260C98EF}.Debug|Any CPU.Build.0 = Debug|Any CPU
		{CBF2520A-D893-4931-AF18-18C8260C98EF}.Debug|x64.ActiveCfg = Debug|Any CPU
		{CBF2520A-D893-4931-AF18-18C8260C98EF}.Debug|x64.Build.0 = Debug|Any CPU
		{CBF2520A-D893-4931-AF18-18C8260C98EF}.Debug|x86.ActiveCfg = Debug|Any CPU
		{CBF2520A-D893-4931-AF18-18C8260C98EF}.Debug|x86.Build.0 = Debug|Any CPU
		{CBF2520A-D893-4931-AF18-18C8260C98EF}.Release|Any CPU.ActiveCfg = Release|Any CPU
		{CBF2520A-D893-4931-AF18-18C8260C98EF}.Release|Any CPU.Build.0 = Release|Any CPU
		{CBF2520A-D893-4931-AF18-18C8260C98EF}.Release|x64.ActiveCfg = Release|Any CPU
		{CBF2520A-D893-4931-AF18-18C8260C98EF}.Release|x64.Build.0 = Release|Any CPU
		{CBF2520A-D893-4931-AF18-18C8260C98EF}.Release|x86.ActiveCfg = Release|Any CPU
		{CBF2520A-D893-4931-AF18-18C8260C98EF}.Release|x86.Build.0 = Release|Any CPU
	EndGlobalSection
	GlobalSection(SolutionProperties) = preSolution
		HideSolutionNode = FALSE
	EndGlobalSection
	GlobalSection(NestedProjects) = preSolution
		{A8CF59A1-F8C4-4EA0-86DF-92ABBDC20A9E} = {827E0CD3-B72D-47B6-A68D-7590B98EB39B}
		{3D7A1246-0388-43B6-A237-4650EF38F592} = {827E0CD3-B72D-47B6-A68D-7590B98EB39B}
		{D26ADB84-F988-4F82-9F3E-4CE2D269B384} = {827E0CD3-B72D-47B6-A68D-7590B98EB39B}
		{877A43C4-2C60-47F5-A206-40D078CED58A} = {827E0CD3-B72D-47B6-A68D-7590B98EB39B}
		{8EAE5F0C-4FDD-421D-915D-E80DE72AA505} = {827E0CD3-B72D-47B6-A68D-7590B98EB39B}
		{CBF2520A-D893-4931-AF18-18C8260C98EF} = {827E0CD3-B72D-47B6-A68D-7590B98EB39B}
	EndGlobalSection
EndGlobal
